
Microsoft Visual Studio Solution File, Format Version 12.00
# Visual Studio 2013
VisualStudioVersion = 12.0.31101.0
MinimumVisualStudioVersion = 10.0.40219.1
Project("{FAE04EC0-301F-11D3-BF4B-00C04F79EFBC}") = "APM.WebAPI", "APM.WebAPI\APM.WebAPI.csproj", "{FBFDFE69-442F-48E1-A76E-3E67FB03DB1F}"
EndProject
Project("{E24C65DC-7377-472B-9ABA-BC803B73C61A}") = "APM.Web", "http://localhost:2978", "{87C2843E-23AA-469A-B1CF-03FEF58ABF96}"
	ProjectSection(WebsiteProperties) = preProject
		UseIISExpress = "true"
		TargetFrameworkMoniker = ".NETFramework,Version%3Dv4.5"
		Debug.AspNetCompiler.VirtualPath = "/localhost_2978"
		Debug.AspNetCompiler.PhysicalPath = "APM.Web\"
		Debug.AspNetCompiler.TargetPath = "PrecompiledWeb\localhost_2978\"
		Debug.AspNetCompiler.Updateable = "true"
		Debug.AspNetCompiler.ForceOverwrite = "true"
		Debug.AspNetCompiler.FixedNames = "false"
		Debug.AspNetCompiler.Debug = "True"
		Release.AspNetCompiler.VirtualPath = "/localhost_2978"
		Release.AspNetCompiler.PhysicalPath = "APM.Web\"
		Release.AspNetCompiler.TargetPath = "PrecompiledWeb\localhost_2978\"
		Release.AspNetCompiler.Updateable = "true"
		Release.AspNetCompiler.ForceOverwrite = "true"
		Release.AspNetCompiler.FixedNames = "false"
		Release.AspNetCompiler.Debug = "False"
		SlnRelativePath = "APM.Web\"
	EndProjectSection
EndProject
Global
	GlobalSection(SolutionConfigurationPlatforms) = preSolution
		Debug|Any CPU = Debug|Any CPU
		Release|Any CPU = Release|Any CPU
	EndGlobalSection
	GlobalSection(ProjectConfigurationPlatforms) = postSolution
		{FBFDFE69-442F-48E1-A76E-3E67FB03DB1F}.Debug|Any CPU.ActiveCfg = Debug|Any CPU
		{FBFDFE69-442F-48E1-A76E-3E67FB03DB1F}.Debug|Any CPU.Build.0 = Debug|Any CPU
		{FBFDFE69-442F-48E1-A76E-3E67FB03DB1F}.Release|Any CPU.ActiveCfg = Release|Any CPU
		{FBFDFE69-442F-48E1-A76E-3E67FB03DB1F}.Release|Any CPU.Build.0 = Release|Any CPU
		{87C2843E-23AA-469A-B1CF-03FEF58ABF96}.Debug|Any CPU.ActiveCfg = Debug|Any CPU
		{87C2843E-23AA-469A-B1CF-03FEF58ABF96}.Debug|Any CPU.Build.0 = Debug|Any CPU
		{87C2843E-23AA-469A-B1CF-03FEF58ABF96}.Release|Any CPU.ActiveCfg = Debug|Any CPU
		{87C2843E-23AA-469A-B1CF-03FEF58ABF96}.Release|Any CPU.Build.0 = Debug|Any CPU
	EndGlobalSection
	GlobalSection(SolutionProperties) = preSolution
		HideSolutionNode = FALSE
	EndGlobalSection
EndGlobal
